
Microsoft Visual Studio Solution File, Format Version 12.00
# Visual Studio 15
VisualStudioVersion = 15.0.27617.1
MinimumVisualStudioVersion = 10.0.40219.1
Project("{FAE04EC0-301F-11D3-BF4B-00C04F79EFBC}") = "Swastika.Admin.Blazor.Server", "Swastika.Admin.Blazor\Swastika.Admin.Blazor.Server\Swastika.Admin.Blazor.Server.csproj", "{A7801804-9AE0-4BE2-BF96-4FE942DC8DB4}"
EndProject
Project("{FAE04EC0-301F-11D3-BF4B-00C04F79EFBC}") = "Swastika.Admin.Blazor.Client", "Swastika.Admin.Blazor\Swastika.Admin.Blazor.Client\Swastika.Admin.Blazor.Client.csproj", "{15BF2B4C-CF50-4E1A-B89A-4383CA9A73BD}"
EndProject
Project("{FAE04EC0-301F-11D3-BF4B-00C04F79EFBC}") = "Swastika.Admin.Blazor.Shared", "Swastika.Admin.Blazor\Swastika.Admin.Blazor.Shared\Swastika.Admin.Blazor.Shared.csproj", "{FAE194E7-0D4A-4C2B-9984-90C786927E3A}"
EndProject
Global
	GlobalSection(SolutionConfigurationPlatforms) = preSolution
		Debug|Any CPU = Debug|Any CPU
		Release|Any CPU = Release|Any CPU
	EndGlobalSection
	GlobalSection(ProjectConfigurationPlatforms) = postSolution
		{A7801804-9AE0-4BE2-BF96-4FE942DC8DB4}.Debug|Any CPU.ActiveCfg = Debug|Any CPU
		{A7801804-9AE0-4BE2-BF96-4FE942DC8DB4}.Debug|Any CPU.Build.0 = Debug|Any CPU
		{A7801804-9AE0-4BE2-BF96-4FE942DC8DB4}.Release|Any CPU.ActiveCfg = Release|Any CPU
		{A7801804-9AE0-4BE2-BF96-4FE942DC8DB4}.Release|Any CPU.Build.0 = Release|Any CPU
		{15BF2B4C-CF50-4E1A-B89A-4383CA9A73BD}.Debug|Any CPU.ActiveCfg = Debug|Any CPU
		{15BF2B4C-CF50-4E1A-B89A-4383CA9A73BD}.Debug|Any CPU.Build.0 = Debug|Any CPU
		{15BF2B4C-CF50-4E1A-B89A-4383CA9A73BD}.Release|Any CPU.ActiveCfg = Release|Any CPU
		{15BF2B4C-CF50-4E1A-B89A-4383CA9A73BD}.Release|Any CPU.Build.0 = Release|Any CPU
		{FAE194E7-0D4A-4C2B-9984-90C786927E3A}.Debug|Any CPU.ActiveCfg = Debug|Any CPU
		{FAE194E7-0D4A-4C2B-9984-90C786927E3A}.Debug|Any CPU.Build.0 = Debug|Any CPU
		{FAE194E7-0D4A-4C2B-9984-90C786927E3A}.Release|Any CPU.ActiveCfg = Release|Any CPU
		{FAE194E7-0D4A-4C2B-9984-90C786927E3A}.Release|Any CPU.Build.0 = Release|Any CPU
	EndGlobalSection
	GlobalSection(SolutionProperties) = preSolution
		HideSolutionNode = FALSE
	EndGlobalSection
	GlobalSection(ExtensibilityGlobals) = postSolution
		SolutionGuid = {849D757E-2C88-496D-B8BE-6483FF7F32C5}
	EndGlobalSection
EndGlobal
